
Microsoft Visual Studio Solution File, Format Version 12.00
# Visual Studio Version 17
VisualStudioVersion = 17.7.34031.279
MinimumVisualStudioVersion = 10.0.40219.1
Project("{FAE04EC0-301F-11D3-BF4B-00C04F79EFBC}") = "Notepad", "Notepad\Notepad.csproj", "{63CE198F-B942-41E5-BD01-92192651055F}"
EndProject
Global
	GlobalSection(SolutionConfigurationPlatforms) = preSolution
		Debug|Any CPU = Debug|Any CPU
		Release|Any CPU = Release|Any CPU
	EndGlobalSection
	GlobalSection(ProjectConfigurationPlatforms) = postSolution
		{63CE198F-B942-41E5-BD01-92192651055F}.Debug|Any CPU.ActiveCfg = Debug|Any CPU
		{63CE198F-B942-41E5-BD01-92192651055F}.Debug|Any CPU.Build.0 = Debug|Any CPU
		{63CE198F-B942-41E5-BD01-92192651055F}.Release|Any CPU.ActiveCfg = Release|Any CPU
		{63CE198F-B942-41E5-BD01-92192651055F}.Release|Any CPU.Build.0 = Release|Any CPU
	EndGlobalSection
	GlobalSection(SolutionProperties) = preSolution
		HideSolutionNode = FALSE
	EndGlobalSection
	GlobalSection(ExtensibilityGlobals) = postSolution
		SolutionGuid = {9C3ECFB7-ACF1-4C04-9B3E-B68E10102004}
	EndGlobalSection
EndGlobal
